github.com/tidwall/tinylru v1.1.0 h1:XY6IUfzVTU9rpwdhKUF6nQdChgCdGjkMfLzbWyiau6I=
github.com/tidwall/tinylru v1.1.0/go.mod h1:3+bX+TJ2baOLMWTnlyNWHh4QMnFyARg2TLTQ6OFbzw8=
github.com/tidwall/tinylru v1.2.1 h1:VgBr72c2IEr+V+pCdkPZUwiQ0KJknnWIYbhxAVkYfQk=
github.com/tidwall/tinylru v1.2.1/go.mod h1:9bQnEduwB6inr2Y7AkBP7JPgCkyrhTV/ZpX0oOOpBI4=
